
Microsoft Visual Studio Solution File, Format Version 12.00
# Visual Studio Version 17
VisualStudioVersion = 17.9.34622.214
MinimumVisualStudioVersion = 10.0.40219.1
Project("{FAE04EC0-301F-11D3-BF4B-00C04F79EFBC}") = "WindowExplorerUI", "WindowExplorerUI\WindowExplorerUI.csproj", "{BF5E217D-B9BC-4277-8240-C70E1F418066}"
EndProject
Global
	GlobalSection(SolutionConfigurationPlatforms) = preSolution
		Debug|Any CPU = Debug|Any CPU
		Release|Any CPU = Release|Any CPU
	EndGlobalSection
	GlobalSection(ProjectConfigurationPlatforms) = postSolution
		{BF5E217D-B9BC-4277-8240-C70E1F418066}.Debug|Any CPU.ActiveCfg = Debug|Any CPU
		{BF5E217D-B9BC-4277-8240-C70E1F418066}.Debug|Any CPU.Build.0 = Debug|Any CPU
		{BF5E217D-B9BC-4277-8240-C70E1F418066}.Release|Any CPU.ActiveCfg = Release|Any CPU
		{BF5E217D-B9BC-4277-8240-C70E1F418066}.Release|Any CPU.Build.0 = Release|Any CPU
	EndGlobalSection
	GlobalSection(SolutionProperties) = preSolution
		HideSolutionNode = FALSE
	EndGlobalSection
	GlobalSection(ExtensibilityGlobals) = postSolution
		SolutionGuid = {BDBB9828-C845-4D69-A9CA-6916E2B3454C}
	EndGlobalSection
EndGlobal
